// !$*UTF8*$!
{
	archiveVersion = 1;
	classes = {
	};
	objectVersion = 50;
	objects = {

/* Begin PBXBuildFile section */
		016D52D278BBCE3506ACEEA4 /* Pods_visionarycensor.framework in Frameworks */ = {isa = PBXBuildFile; fileRef = 901E354A9F9028EDC9C8C7C8 /* Pods_visionarycensor.framework */; };
		262C9C2B2105492D006B1609 /* CameraHelper.swift in Sources */ = {isa = PBXBuildFile; fileRef = 262C9C2A2105492D006B1609 /* CameraHelper.swift */; };
		26545CEF2104056E0062080C /* AppDelegate.swift in Sources */ = {isa = PBXBuildFile; fileRef = 26545CEE2104056E0062080C /* AppDelegate.swift */; };
		26545CF12104056E0062080C /* MainViewController.swift in Sources */ = {isa = PBXBuildFile; fileRef = 26545CF02104056E0062080C /* MainViewController.swift */; };
		26545CF6210405700062080C /* Assets.xcassets in Resources */ = {isa = PBXBuildFile; fileRef = 26545CF5210405700062080C /* Assets.xcassets */; };
		26545CF9210405700062080C /* LaunchScreen.storyboard in Resources */ = {isa = PBXBuildFile; fileRef = 26545CF7210405700062080C /* LaunchScreen.storyboard */; };
		26F4686221058385004628AE /* PreviewViewController.swift in Sources */ = {isa = PBXBuildFile; fileRef = 26F4686121058385004628AE /* PreviewViewController.swift */; };
/* End PBXBuildFile section */

/* Begin PBXFileReference section */
		262C9C2A2105492D006B1609 /* CameraHelper.swift */ = {isa = PBXFileReference; lastKnownFileType = sourcecode.swift; path = CameraHelper.swift; sourceTree = "<group>"; };
		26545CEB2104056E0062080C /* visionarycensor.app */ = {isa = PBXFileReference; explicitFileType = wrapper.application; includeInIndex = 0; path = visionarycensor.app; sourceTree = BUILT_PRODUCTS_DIR; };
		26545CEE2104056E0062080C /* AppDelegate.swift */ = {isa = PBXFileReference; lastKnownFileType = sourcecode.swift; path = AppDelegate.swift; sourceTree = "<group>"; };
		26545CF02104056E0062080C /* MainViewController.swift */ = {isa = PBXFileReference; lastKnownFileType = sourcecode.swift; path = MainViewController.swift; sourceTree = "<group>"; };
		26545CF5210405700062080C /* Assets.xcassets */ = {isa = PBXFileReference; lastKnownFileType = folder.assetcatalog; path = Assets.xcassets; sourceTree = "<group>"; };
		26545CF8210405700062080C /* Base */ = {isa = PBXFileReference; lastKnownFileType = file.storyboard; name = Base; path = Base.lproj/LaunchScreen.storyboard; sourceTree = "<group>"; };
		26545CFA210405700062080C /* Info.plist */ = {isa = PBXFileReference; lastKnownFileType = text.plist.xml; path = Info.plist; sourceTree = "<group>"; };
		26F4686121058385004628AE /* PreviewViewController.swift */ = {isa = PBXFileReference; lastKnownFileType = sourcecode.swift; path = PreviewViewController.swift; sourceTree = "<group>"; };
		475AD222F8CD698E89C72B9A /* Pods-visionarycensor.release.xcconfig */ = {isa = PBXFileReference; includeInIndex = 1; lastKnownFileType = text.xcconfig; name = "Pods-visionarycensor.release.xcconfig"; path = "Pods/Target Support Files/Pods-visionarycensor/Pods-visionarycensor.release.xcconfig"; sourceTree = "<group>"; };
		901E354A9F9028EDC9C8C7C8 /* Pods_visionarycensor.framework */ = {isa = PBXFileReference; explicitFileType = wrapper.framework; includeInIndex = 0; path = Pods_visionarycensor.framework; sourceTree = BUILT_PRODUCTS_DIR; };
		936DC0D127A83141B6BBEF14 /* Pods-visionarycensor.debug.xcconfig */ = {isa = PBXFileReference; includeInIndex = 1; lastKnownFileType = text.xcconfig; name = "Pods-visionarycensor.debug.xcconfig"; path = "Pods/Target Support Files/Pods-visionarycensor/Pods-visionarycensor.debug.xcconfig"; sourceTree = "<group>"; };
/* End PBXFileReference section */

/* Begin PBXFrameworksBuildPhase section */
		26545CE82104056E0062080C /* Frameworks */ = {
			isa = PBXFrameworksBuildPhase;
			buildActionMask = 2147483647;
			files = (
				016D52D278BBCE3506ACEEA4 /* Pods_visionarycensor.framework in Frameworks */,
			);
			runOnlyForDeploymentPostprocessing = 0;
		};
/* End PBXFrameworksBuildPhase section */

/* Begin PBXGroup section */
		262C9C2621052A6A006B1609 /* Controller */ = {
			isa = PBXGroup;
			children = (
				26545CF02104056E0062080C /* MainViewController.swift */,
				26F4686121058385004628AE /* PreviewViewController.swift */,
			);
			path = Controller;
			sourceTree = "<group>";
		};
		262C9C2721052A7C006B1609 /* View */ = {
			isa = PBXGroup;
			children = (
			);
			path = View;
			sourceTree = "<group>";
		};
		262C9C2821052AA0006B1609 /* Model */ = {
			isa = PBXGroup;
			children = (
			);
			path = Model;
			sourceTree = "<group>";
		};
		262C9C29210548F8006B1609 /* Helper */ = {
			isa = PBXGroup;
			children = (
				262C9C2A2105492D006B1609 /* CameraHelper.swift */,
			);
			path = Helper;
			sourceTree = "<group>";
		};
		26545CE22104056E0062080C = {
			isa = PBXGroup;
			children = (
				26545CED2104056E0062080C /* visionarycensor */,
				26545CEC2104056E0062080C /* Products */,
				930D0049E5543F1BA8A1C2C7 /* Pods */,
				943E6D848BA8A83F338C164E /* Frameworks */,
			);
			sourceTree = "<group>";
		};
		26545CEC2104056E0062080C /* Products */ = {
			isa = PBXGroup;
			children = (
				26545CEB2104056E0062080C /* visionarycensor.app */,
			);
			name = Products;
			sourceTree = "<group>";
		};
		26545CED2104056E0062080C /* visionarycensor */ = {
			isa = PBXGroup;
			children = (
				262C9C29210548F8006B1609 /* Helper */,
				262C9C2821052AA0006B1609 /* Model */,
				262C9C2721052A7C006B1609 /* View */,
				262C9C2621052A6A006B1609 /* Controller */,
				26545CEE2104056E0062080C /* AppDelegate.swift */,
				26545CF5210405700062080C /* Assets.xcassets */,
				26545CF7210405700062080C /* LaunchScreen.storyboard */,
				26545CFA210405700062080C /* Info.plist */,
			);
			path = visionarycensor;
			sourceTree = "<group>";
		};
		930D0049E5543F1BA8A1C2C7 /* Pods */ = {
			isa = PBXGroup;
			children = (
				936DC0D127A83141B6BBEF14 /* Pods-visionarycensor.debug.xcconfig */,
				475AD222F8CD698E89C72B9A /* Pods-visionarycensor.release.xcconfig */,
			);
			name = Pods;
			sourceTree = "<group>";
		};
		943E6D848BA8A83F338C164E /* Frameworks */ = {
			isa = PBXGroup;
			children = (
				901E354A9F9028EDC9C8C7C8 /* Pods_visionarycensor.framework */,
			);
			name = Frameworks;
			sourceTree = "<group>";
		};
/* End PBXGroup section */

/* Begin PBXNativeTarget section */
		26545CEA2104056E0062080C /* visionarycensor */ = {
			isa = PBXNativeTarget;
			buildConfigurationList = 26545CFD210405700062080C /* Build configuration list for PBXNativeTarget "visionarycensor" */;
			buildPhases = (
				A24C89A5C635BCA5DA673BBF /* [CP] Check Pods Manifest.lock */,
				26545CE72104056E0062080C /* Sources */,
				26545CE82104056E0062080C /* Frameworks */,
				26545CE92104056E0062080C /* Resources */,
				68845153D5E09DCBD1EF1253 /* [CP] Embed Pods Frameworks */,
			);
			buildRules = (
			);
			dependencies = (
			);
			name = visionarycensor;
			productName = visionarycensor;
			productReference = 26545CEB2104056E0062080C /* visionarycensor.app */;
			productType = "com.apple.product-type.application";
		};
/* End PBXNativeTarget section */

/* Begin PBXProject section */
		26545CE32104056E0062080C /* Project object */ = {
			isa = PBXProject;
			attributes = {
				LastSwiftUpdateCheck = 0940;
				LastUpgradeCheck = 0940;
				ORGANIZATIONNAME = mosDev;
				TargetAttributes = {
					26545CEA2104056E0062080C = {
						CreatedOnToolsVersion = 9.4.1;
					};
				};
			};
			buildConfigurationList = 26545CE62104056E0062080C /* Build configuration list for PBXProject "visionarycensor" */;
			compatibilityVersion = "Xcode 9.3";
			developmentRegion = en;
			hasScannedForEncodings = 0;
			knownRegions = (
				en,
				Base,
			);
			mainGroup = 26545CE22104056E0062080C;
			productRefGroup = 26545CEC2104056E0062080C /* Products */;
			projectDirPath = "";
			projectRoot = "";
			targets = (
				26545CEA2104056E0062080C /* visionarycensor */,
			);
		};
/* End PBXProject section */

/* Begin PBXResourcesBuildPhase section */
		26545CE92104056E0062080C /* Resources */ = {
			isa = PBXResourcesBuildPhase;
			buildActionMask = 2147483647;
			files = (
				26545CF9210405700062080C /* LaunchScreen.storyboard in Resources */,
				26545CF6210405700062080C /* Assets.xcassets in Resources */,
			);
			runOnlyForDeploymentPostprocessing = 0;
		};
/* End PBXResourcesBuildPhase section */

/* Begin PBXShellScriptBuildPhase section */
		68845153D5E09DCBD1EF1253 /* [CP] Embed Pods Frameworks */ = {
			isa = PBXShellScriptBuildPhase;
			buildActionMask = 2147483647;
			files = (
			);
			inputPaths = (
				"${SRCROOT}/Pods/Target Support Files/Pods-visionarycensor/Pods-visionarycensor-frameworks.sh",
				"${BUILT_PRODUCTS_DIR}/SnapKit/SnapKit.framework",
			);
			name = "[CP] Embed Pods Frameworks";
			outputPaths = (
				"${TARGET_BUILD_DIR}/${FRAMEWORKS_FOLDER_PATH}/SnapKit.framework",
			);
			runOnlyForDeploymentPostprocessing = 0;
			shellPath = /bin/sh;
			shellScript = "\"${SRCROOT}/Pods/Target Support Files/Pods-visionarycensor/Pods-visionarycensor-frameworks.sh\"\n";
			showEnvVarsInLog = 0;
		};
		A24C89A5C635BCA5DA673BBF /* [CP] Check Pods Manifest.lock */ = {
			isa = PBXShellScriptBuildPhase;
			buildActionMask = 2147483647;
			files = (
			);
			inputPaths = (
				"${PODS_PODFILE_DIR_PATH}/Podfile.lock",
				"${PODS_ROOT}/Manifest.lock",
			);
			name = "[CP] Check Pods Manifest.lock";
			outputPaths = (
				"$(DERIVED_FILE_DIR)/Pods-visionarycensor-checkManifestLockResult.txt",
			);
			runOnlyForDeploymentPostprocessing = 0;
			shellPath = /bin/sh;
			shellScript = "diff \"${PODS_PODFILE_DIR_PATH}/Podfile.lock\" \"${PODS_ROOT}/Manifest.lock\" > /dev/null\nif [ $? != 0 ] ; then\n    # print error to STDERR\n    echo \"error: The sandbox is not in sync with the Podfile.lock. Run 'pod install' or update your CocoaPods installation.\" >&2\n    exit 1\nfi\n# This output is used by Xcode 'outputs' to avoid re-running this script phase.\necho \"SUCCESS\" > \"${SCRIPT_OUTPUT_FILE_0}\"\n";
			showEnvVarsInLog = 0;
		};
/* End PBXShellScriptBuildPhase section */

/* Begin PBXSourcesBuildPhase section */
		26545CE72104056E0062080C /* Sources */ = {
			isa = PBXSourcesBuildPhase;
			buildActionMask = 2147483647;
			files = (
				26545CF12104056E0062080C /* MainViewController.swift in Sources */,
				26545CEF2104056E0062080C /* AppDelegate.swift in Sources */,
				26F4686221058385004628AE /* PreviewViewController.swift in Sources */,
				262C9C2B2105492D006B1609 /* CameraHelper.swift in Sources */,
			);
			runOnlyForDeploymentPostprocessing = 0;
		};
/* End PBXSourcesBuildPhase section */

/* Begin PBXVariantGroup section */
		26545CF7210405700062080C /* LaunchScreen.storyboard */ = {
			isa = PBXVariantGroup;
			children = (
				26545CF8210405700062080C /* Base */,
			);
			name = LaunchScreen.storyboard;
			sourceTree = "<group>";
		};
/* End PBXVariantGroup section */

/* Begin XCBuildConfiguration section */
		26545CFB210405700062080C /* Debug */ = {
			isa = XCBuildConfiguration;
			buildSettings = {
				ALWAYS_SEARCH_USER_PATHS = NO;
				CLANG_ANALYZER_NONNULL = YES;
				CLANG_ANALYZER_NUMBER_OBJECT_CONVERSION = YES_AGGRESSIVE;
				CLANG_CXX_LANGUAGE_STANDARD = "gnu++14";
				CLANG_CXX_LIBRARY = "libc++";
				CLANG_ENABLE_MODULES = YES;
				CLANG_ENABLE_OBJC_ARC = YES;
				CLANG_ENABLE_OBJC_WEAK = YES;
				CLANG_WARN_BLOCK_CAPTURE_AUTORELEASING = YES;
				CLANG_WARN_BOOL_CONVERSION = YES;
				CLANG_WARN_COMMA = YES;
				CLANG_WARN_CONSTANT_CONVERSION = YES;
				CLANG_WARN_DEPRECATED_OBJC_IMPLEMENTATIONS = YES;
				CLANG_WARN_DIRECT_OBJC_ISA_USAGE = YES_ERROR;
				CLANG_WARN_DOCUMENTATION_COMMENTS = YES;
				CLANG_WARN_EMPTY_BODY = YES;
				CLANG_WARN_ENUM_CONVERSION = YES;
				CLANG_WARN_INFINITE_RECURSION = YES;
				CLANG_WARN_INT_CONVERSION = YES;
				CLANG_WARN_NON_LITERAL_NULL_CONVERSION = YES;
				CLANG_WARN_OBJC_IMPLICIT_RETAIN_SELF = YES;
				CLANG_WARN_OBJC_LITERAL_CONVERSION = YES;
				CLANG_WARN_OBJC_ROOT_CLASS = YES_ERROR;
				CLANG_WARN_RANGE_LOOP_ANALYSIS = YES;
				CLANG_WARN_STRICT_PROTOTYPES = YES;
				CLANG_WARN_SUSPICIOUS_MOVE = YES;
				CLANG_WARN_UNGUARDED_AVAILABILITY = YES_AGGRESSIVE;
				CLANG_WARN_UNREACHABLE_CODE = YES;
				CLANG_WARN__DUPLICATE_METHOD_MATCH = YES;
				CODE_SIGN_IDENTITY = "iPhone Developer";
				COPY_PHASE_STRIP = NO;
				DEBUG_INFORMATION_FORMAT = dwarf;
				ENABLE_STRICT_OBJC_MSGSEND = YES;
				ENABLE_TESTABILITY = YES;
				GCC_C_LANGUAGE_STANDARD = gnu11;
				GCC_DYNAMIC_NO_PIC = NO;
				GCC_NO_COMMON_BLOCKS = YES;
				GCC_OPTIMIZATION_LEVEL = 0;
				GCC_PREPROCESSOR_DEFINITIONS = (
					"DEBUG=1",
					"$(inherited)",
				);
				GCC_WARN_64_TO_32_BIT_CONVERSION = YES;
				GCC_WARN_ABOUT_RETURN_TYPE = YES_ERROR;
				GCC_WARN_UNDECLARED_SELECTOR = YES;
				GCC_WARN_UNINITIALIZED_AUTOS = YES_AGGRESSIVE;
				GCC_WARN_UNUSED_FUNCTION = YES;
				GCC_WARN_UNUSED_VARIABLE = YES;
				IPHONEOS_DEPLOYMENT_TARGET = 11.4;
				MTL_ENABLE_DEBUG_INFO = YES;
				ONLY_ACTIVE_ARCH = YES;
				SDKROOT = iphoneos;
				SWIFT_ACTIVE_COMPILATION_CONDITIONS = DEBUG;
				SWIFT_OPTIMIZATION_LEVEL = "-Onone";
			};
			name = Debug;
		};
		26545CFC210405700062080C /* Release */ = {
			isa = XCBuildConfiguration;
			buildSettings = {
				ALWAYS_SEARCH_USER_PATHS = NO;
				CLANG_ANALYZER_NONNULL = YES;
				CLANG_ANALYZER_NUMBER_OBJECT_CONVERSION = YES_AGGRESSIVE;
				CLANG_CXX_LANGUAGE_STANDARD = "gnu++14";
				CLANG_CXX_LIBRARY = "libc++";
				CLANG_ENABLE_MODULES = YES;
				CLANG_ENABLE_OBJC_ARC = YES;
				CLANG_ENABLE_OBJC_WEAK = YES;
				CLANG_WARN_BLOCK_CAPTURE_AUTORELEASING = YES;
				CLANG_WARN_BOOL_CONVERSION = YES;
				CLANG_WARN_COMMA = YES;
				CLANG_WARN_CONSTANT_CONVERSION = YES;
				CLANG_WARN_DEPRECATED_OBJC_IMPLEMENTATIONS = YES;
				CLANG_WARN_DIRECT_OBJC_ISA_USAGE = YES_ERROR;
				CLANG_WARN_DOCUMENTATION_COMMENTS = YES;
				CLANG_WARN_EMPTY_BODY = YES;
				CLANG_WARN_ENUM_CONVERSION = YES;
				CLANG_WARN_INFINITE_RECURSION = YES;
				CLANG_WARN_INT_CONVERSION = YES;
				CLANG_WARN_NON_LITERAL_NULL_CONVERSION = YES;
				CLANG_WARN_OBJC_IMPLICIT_RETAIN_SELF = YES;
				CLANG_WARN_OBJC_LITERAL_CONVERSION = YES;
				CLANG_WARN_OBJC_ROOT_CLASS = YES_ERROR;
				CLANG_WARN_RANGE_LOOP_ANALYSIS = YES;
				CLANG_WARN_STRICT_PROTOTYPES = YES;
				CLANG_WARN_SUSPICIOUS_MOVE = YES;
				CLANG_WARN_UNGUARDED_AVAILABILITY = YES_AGGRESSIVE;
				CLANG_WARN_UNREACHABLE_CODE = YES;
				CLANG_WARN__DUPLICATE_METHOD_MATCH = YES;
				CODE_SIGN_IDENTITY = "iPhone Developer";
				COPY_PHASE_STRIP = NO;
				DEBUG_INFORMATION_FORMAT = "dwarf-with-dsym";
				ENABLE_NS_ASSERTIONS = NO;
				ENABLE_STRICT_OBJC_MSGSEND = YES;
				GCC_C_LANGUAGE_STANDARD = gnu11;
				GCC_NO_COMMON_BLOCKS = YES;
				GCC_WARN_64_TO_32_BIT_CONVERSION = YES;
				GCC_WARN_ABOUT_RETURN_TYPE = YES_ERROR;
				GCC_WARN_UNDECLARED_SELECTOR = YES;
				GCC_WARN_UNINITIALIZED_AUTOS = YES_AGGRESSIVE;
				GCC_WARN_UNUSED_FUNCTION = YES;
				GCC_WARN_UNUSED_VARIABLE = YES;
				IPHONEOS_DEPLOYMENT_TARGET = 11.4;
				MTL_ENABLE_DEBUG_INFO = NO;
				SDKROOT = iphoneos;
				SWIFT_COMPILATION_MODE = wholemodule;
				SWIFT_OPTIMIZATION_LEVEL = "-O";
				VALIDATE_PRODUCT = YES;
			};
			name = Release;
		};
		26545CFE210405700062080C /* Debug */ = {
			isa = XCBuildConfiguration;
			baseConfigurationReference = 936DC0D127A83141B6BBEF14 /* Pods-visionarycensor.debug.xcconfig */;
			buildSettings = {
				ASSETCATALOG_COMPILER_APPICON_NAME = AppIcon;
				CODE_SIGN_STYLE = Automatic;
				DEVELOPMENT_TEAM = Y979V2DJTF;
				INFOPLIST_FILE = visionarycensor/Info.plist;
				IPHONEOS_DEPLOYMENT_TARGET = 11.3;
				LD_RUNPATH_SEARCH_PATHS = (
					"$(inherited)",
					"@executable_path/Frameworks",
				);
				PRODUCT_BUNDLE_IDENTIFIER = com.mosdevv.visionarycensor;
				PRODUCT_NAME = "$(TARGET_NAME)";
				SWIFT_VERSION = 4.0;
				TARGETED_DEVICE_FAMILY = "1,2";
			};
			name = Debug;
		};
		26545CFF210405700062080C /* Release */ = {
			isa = XCBuildConfiguration;
			baseConfigurationReference = 475AD222F8CD698E89C72B9A /* Pods-visionarycensor.release.xcconfig */;
			buildSettings = {
				ASSETCATALOG_COMPILER_APPICON_NAME = AppIcon;
				CODE_SIGN_STYLE = Automatic;
				DEVELOPMENT_TEAM = Y979V2DJTF;
				INFOPLIST_FILE = visionarycensor/Info.plist;
				IPHONEOS_DEPLOYMENT_TARGET = 11.3;
				LD_RUNPATH_SEARCH_PATHS = (
					"$(inherited)",
					"@executable_path/Frameworks",
				);
				PRODUCT_BUNDLE_IDENTIFIER = com.mosdevv.visionarycensor;
				PRODUCT_NAME = "$(TARGET_NAME)";
				SWIFT_VERSION = 4.0;
				TARGETED_DEVICE_FAMILY = "1,2";
			};
			name = Release;
		};
/* End XCBuildConfiguration section */

/* Begin XCConfigurationList section */
		26545CE62104056E0062080C /* Build configuration list for PBXProject "visionarycensor" */ = {
			isa = XCConfigurationList;
			buildConfigurations = (
				26545CFB210405700062080C /* Debug */,
				26545CFC210405700062080C /* Release */,
			);
			defaultConfigurationIsVisible = 0;
			defaultConfigurationName = Release;
		};
		26545CFD210405700062080C /* Build configuration list for PBXNativeTarget "visionarycensor" */ = {
			isa = XCConfigurationList;
			buildConfigurations = (
				26545CFE210405700062080C /* Debug */,
				26545CFF210405700062080C /* Release */,
			);
			defaultConfigurationIsVisible = 0;
			defaultConfigurationName = Release;
		};
/* End XCConfigurationList section */
	};
	rootObject = 26545CE32104056E0062080C /* Project object */;
}
